
Microsoft Visual Studio Solution File, Format Version 12.00
# Visual Studio Version 17
VisualStudioVersion = 17.11.35327.3
MinimumVisualStudioVersion = 10.0.40219.1
Project("{9A19103F-16F7-4668-BE54-9A1E7A4F7556}") = "EventCalendar", "EventCalendar\EventCalendar.csproj", "{0AFA9592-CB13-404E-9C57-0E41FAA46FF4}"
EndProject
Global
	GlobalSection(SolutionConfigurationPlatforms) = preSolution
		Debug|Any CPU = Debug|Any CPU
		Release|Any CPU = Release|Any CPU
	EndGlobalSection
	GlobalSection(ProjectConfigurationPlatforms) = postSolution
		{0AFA9592-CB13-404E-9C57-0E41FAA46FF4}.Debug|Any CPU.ActiveCfg = Debug|Any CPU
		{0AFA9592-CB13-404E-9C57-0E41FAA46FF4}.Debug|Any CPU.Build.0 = Debug|Any CPU
		{0AFA9592-CB13-404E-9C57-0E41FAA46FF4}.Release|Any CPU.ActiveCfg = Release|Any CPU
		{0AFA9592-CB13-404E-9C57-0E41FAA46FF4}.Release|Any CPU.Build.0 = Release|Any CPU
	EndGlobalSection
	GlobalSection(SolutionProperties) = preSolution
		HideSolutionNode = FALSE
	EndGlobalSection
	GlobalSection(ExtensibilityGlobals) = postSolution
		SolutionGuid = {9C41E81E-5A32-4C64-8BA2-B7B7BB3F92CD}
	EndGlobalSection
EndGlobal
